
Microsoft Visual Studio Solution File, Format Version 12.00
# Visual Studio Version 16
VisualStudioVersion = 16.0.31911.196
MinimumVisualStudioVersion = 10.0.40219.1
Project("{9A19103F-16F7-4668-BE54-9A1E7A4F7556}") = "ContainerBuilder", "ContainerBuilder.csproj", "{A1BCFC28-B676-41D8-AA2C-2BB0C67AB028}"
EndProject
Global
	GlobalSection(SolutionConfigurationPlatforms) = preSolution
		Debug|Any CPU = Debug|Any CPU
		Release|Any CPU = Release|Any CPU
	EndGlobalSection
	GlobalSection(ProjectConfigurationPlatforms) = postSolution
		{A1BCFC28-B676-41D8-AA2C-2BB0C67AB028}.Debug|Any CPU.ActiveCfg = Debug|Any CPU
		{A1BCFC28-B676-41D8-AA2C-2BB0C67AB028}.Debug|Any CPU.Build.0 = Debug|Any CPU
		{A1BCFC28-B676-41D8-AA2C-2BB0C67AB028}.Release|Any CPU.ActiveCfg = Release|Any CPU
		{A1BCFC28-B676-41D8-AA2C-2BB0C67AB028}.Release|Any CPU.Build.0 = Release|Any CPU
	EndGlobalSection
	GlobalSection(SolutionProperties) = preSolution
		HideSolutionNode = FALSE
	EndGlobalSection
	GlobalSection(ExtensibilityGlobals) = postSolution
		SolutionGuid = {12468649-3EF9-4018-B992-D8AA94611B6D}
	EndGlobalSection
EndGlobal
